// !$*UTF8*$!
{
	archiveVersion = 1;
	classes = {
	};
	objectVersion = 50;
	objects = {

/* Begin PBXBuildFile section */
		DF04A6AC2609B68A00107FDE /* AppDelegate.swift in Sources */ = {isa = PBXBuildFile; fileRef = DF04A6AB2609B68A00107FDE /* AppDelegate.swift */; };
		DF04A6AE2609B68A00107FDE /* SceneDelegate.swift in Sources */ = {isa = PBXBuildFile; fileRef = DF04A6AD2609B68A00107FDE /* SceneDelegate.swift */; };
		DF04A6B02609B68A00107FDE /* ViewController.swift in Sources */ = {isa = PBXBuildFile; fileRef = DF04A6AF2609B68A00107FDE /* ViewController.swift */; };
		DF04A6B32609B68A00107FDE /* Main.storyboard in Resources */ = {isa = PBXBuildFile; fileRef = DF04A6B12609B68A00107FDE /* Main.storyboard */; };
		DF04A6B52609B68B00107FDE /* Assets.xcassets in Resources */ = {isa = PBXBuildFile; fileRef = DF04A6B42609B68B00107FDE /* Assets.xcassets */; };
		DF04A6B82609B68B00107FDE /* LaunchScreen.storyboard in Resources */ = {isa = PBXBuildFile; fileRef = DF04A6B62609B68B00107FDE /* LaunchScreen.storyboard */; };
		DF04A6C32609B68B00107FDE /* testTests.swift in Sources */ = {isa = PBXBuildFile; fileRef = DF04A6C22609B68B00107FDE /* testTests.swift */; };
		DF04A6CE2609B68B00107FDE /* testUITests.swift in Sources */ = {isa = PBXBuildFile; fileRef = DF04A6CD2609B68B00107FDE /* testUITests.swift */; };
/* End PBXBuildFile section */

/* Begin PBXContainerItemProxy section */
		DF04A6BF2609B68B00107FDE /* PBXContainerItemProxy */ = {
			isa = PBXContainerItemProxy;
			containerPortal = DF04A6A02609B68A00107FDE /* Project object */;
			proxyType = 1;
			remoteGlobalIDString = DF04A6A72609B68A00107FDE;
			remoteInfo = test;
		};
		DF04A6CA2609B68B00107FDE /* PBXContainerItemProxy */ = {
			isa = PBXContainerItemProxy;
			containerPortal = DF04A6A02609B68A00107FDE /* Project object */;
			proxyType = 1;
			remoteGlobalIDString = DF04A6A72609B68A00107FDE;
			remoteInfo = test;
		};
/* End PBXContainerItemProxy section */

/* Begin PBXFileReference section */
		DF04A6A82609B68A00107FDE /* test.app */ = {isa = PBXFileReference; explicitFileType = wrapper.application; includeInIndex = 0; path = test.app; sourceTree = BUILT_PRODUCTS_DIR; };
		DF04A6AB2609B68A00107FDE /* AppDelegate.swift */ = {isa = PBXFileReference; lastKnownFileType = sourcecode.swift; path = AppDelegate.swift; sourceTree = "<group>"; };
		DF04A6AD2609B68A00107FDE /* SceneDelegate.swift */ = {isa = PBXFileReference; lastKnownFileType = sourcecode.swift; path = SceneDelegate.swift; sourceTree = "<group>"; };
		DF04A6AF2609B68A00107FDE /* ViewController.swift */ = {isa = PBXFileReference; lastKnownFileType = sourcecode.swift; path = ViewController.swift; sourceTree = "<group>"; };
		DF04A6B22609B68A00107FDE /* Base */ = {isa = PBXFileReference; lastKnownFileType = file.storyboard; name = Base; path = Base.lproj/Main.storyboard; sourceTree = "<group>"; };
		DF04A6B42609B68B00107FDE /* Assets.xcassets */ = {isa = PBXFileReference; lastKnownFileType = folder.assetcatalog; path = Assets.xcassets; sourceTree = "<group>"; };
		DF04A6B72609B68B00107FDE /* Base */ = {isa = PBXFileReference; lastKnownFileType = file.storyboard; name = Base; path = Base.lproj/LaunchScreen.storyboard; sourceTree = "<group>"; };
		DF04A6B92609B68B00107FDE /* Info.plist */ = {isa = PBXFileReference; lastKnownFileType = text.plist.xml; path = Info.plist; sourceTree = "<group>"; };
		DF04A6BE2609B68B00107FDE /* testTests.xctest */ = {isa = PBXFileReference; explicitFileType = wrapper.cfbundle; includeInIndex = 0; path = testTests.xctest; sourceTree = BUILT_PRODUCTS_DIR; };
		DF04A6C22609B68B00107FDE /* testTests.swift */ = {isa = PBXFileReference; lastKnownFileType = sourcecode.swift; path = testTests.swift; sourceTree = "<group>"; };
		DF04A6C42609B68B00107FDE /* Info.plist */ = {isa = PBXFileReference; lastKnownFileType = text.plist.xml; path = Info.plist; sourceTree = "<group>"; };
		DF04A6C92609B68B00107FDE /* testUITests.xctest */ = {isa = PBXFileReference; explicitFileType = wrapper.cfbundle; includeInIndex = 0; path = testUITests.xctest; sourceTree = BUILT_PRODUCTS_DIR; };
		DF04A6CD2609B68B00107FDE /* testUITests.swift */ = {isa = PBXFileReference; lastKnownFileType = sourcecode.swift; path = testUITests.swift; sourceTree = "<group>"; };
		DF04A6CF2609B68B00107FDE /* Info.plist */ = {isa = PBXFileReference; lastKnownFileType = text.plist.xml; path = Info.plist; sourceTree = "<group>"; };
/* End PBXFileReference section */

/* Begin PBXFrameworksBuildPhase section */
		DF04A6A52609B68A00107FDE /* Frameworks */ = {
			isa = PBXFrameworksBuildPhase;
			buildActionMask = 2147483647;
			files = (
			);
			runOnlyForDeploymentPostprocessing = 0;
		};
		DF04A6BB2609B68B00107FDE /* Frameworks */ = {
			isa = PBXFrameworksBuildPhase;
			buildActionMask = 2147483647;
			files = (
			);
			runOnlyForDeploymentPostprocessing = 0;
		};
		DF04A6C62609B68B00107FDE /* Frameworks */ = {
			isa = PBXFrameworksBuildPhase;
			buildActionMask = 2147483647;
			files = (
			);
			runOnlyForDeploymentPostprocessing = 0;
		};
/* End PBXFrameworksBuildPhase section */

/* Begin PBXGroup section */
		DF04A69F2609B68A00107FDE = {
			isa = PBXGroup;
			children = (
				DF04A6AA2609B68A00107FDE /* test */,
				DF04A6C12609B68B00107FDE /* testTests */,
				DF04A6CC2609B68B00107FDE /* testUITests */,
				DF04A6A92609B68A00107FDE /* Products */,
			);
			sourceTree = "<group>";
		};
		DF04A6A92609B68A00107FDE /* Products */ = {
			isa = PBXGroup;
			children = (
				DF04A6A82609B68A00107FDE /* test.app */,
				DF04A6BE2609B68B00107FDE /* testTests.xctest */,
				DF04A6C92609B68B00107FDE /* testUITests.xctest */,
			);
			name = Products;
			sourceTree = "<group>";
		};
		DF04A6AA2609B68A00107FDE /* test */ = {
			isa = PBXGroup;
			children = (
				DF04A6AB2609B68A00107FDE /* AppDelegate.swift */,
				DF04A6AD2609B68A00107FDE /* SceneDelegate.swift */,
				DF04A6AF2609B68A00107FDE /* ViewController.swift */,
				DF04A6B12609B68A00107FDE /* Main.storyboard */,
				DF04A6B42609B68B00107FDE /* Assets.xcassets */,
				DF04A6B62609B68B00107FDE /* LaunchScreen.storyboard */,
				DF04A6B92609B68B00107FDE /* Info.plist */,
			);
			path = test;
			sourceTree = "<group>";
		};
		DF04A6C12609B68B00107FDE /* testTests */ = {
			isa = PBXGroup;
			children = (
				DF04A6C22609B68B00107FDE /* testTests.swift */,
				DF04A6C42609B68B00107FDE /* Info.plist */,
			);
			path = testTests;
			sourceTree = "<group>";
		};
		DF04A6CC2609B68B00107FDE /* testUITests */ = {
			isa = PBXGroup;
			children = (
				DF04A6CD2609B68B00107FDE /* testUITests.swift */,
				DF04A6CF2609B68B00107FDE /* Info.plist */,
			);
			path = testUITests;
			sourceTree = "<group>";
		};
/* End PBXGroup section */

/* Begin PBXNativeTarget section */
		DF04A6A72609B68A00107FDE /* test */ = {
			isa = PBXNativeTarget;
			buildConfigurationList = DF04A6D22609B68B00107FDE /* Build configuration list for PBXNativeTarget "test" */;
			buildPhases = (
				DF04A6A42609B68A00107FDE /* Sources */,
				DF04A6A52609B68A00107FDE /* Frameworks */,
				DF04A6A62609B68A00107FDE /* Resources */,
			);
			buildRules = (
			);
			dependencies = (
			);
			name = test;
			productName = test;
			productReference = DF04A6A82609B68A00107FDE /* test.app */;
			productType = "com.apple.product-type.application";
		};
		DF04A6BD2609B68B00107FDE /* testTests */ = {
			isa = PBXNativeTarget;
			buildConfigurationList = DF04A6D52609B68B00107FDE /* Build configuration list for PBXNativeTarget "testTests" */;
			buildPhases = (
				DF04A6BA2609B68B00107FDE /* Sources */,
				DF04A6BB2609B68B00107FDE /* Frameworks */,
				DF04A6BC2609B68B00107FDE /* Resources */,
			);
			buildRules = (
			);
			dependencies = (
				DF04A6C02609B68B00107FDE /* PBXTargetDependency */,
			);
			name = testTests;
			productName = testTests;
			productReference = DF04A6BE2609B68B00107FDE /* testTests.xctest */;
			productType = "com.apple.product-type.bundle.unit-test";
		};
		DF04A6C82609B68B00107FDE /* testUITests */ = {
			isa = PBXNativeTarget;
			buildConfigurationList = DF04A6D82609B68B00107FDE /* Build configuration list for PBXNativeTarget "testUITests" */;
			buildPhases = (
				DF04A6C52609B68B00107FDE /* Sources */,
				DF04A6C62609B68B00107FDE /* Frameworks */,
				DF04A6C72609B68B00107FDE /* Resources */,
			);
			buildRules = (
			);
			dependencies = (
				DF04A6CB2609B68B00107FDE /* PBXTargetDependency */,
			);
			name = testUITests;
			productName = testUITests;
			productReference = DF04A6C92609B68B00107FDE /* testUITests.xctest */;
			productType = "com.apple.product-type.bundle.ui-testing";
		};
/* End PBXNativeTarget section */

/* Begin PBXProject section */
		DF04A6A02609B68A00107FDE /* Project object */ = {
			isa = PBXProject;
			attributes = {
				LastSwiftUpdateCheck = 1230;
				LastUpgradeCheck = 1230;
				TargetAttributes = {
					DF04A6A72609B68A00107FDE = {
						CreatedOnToolsVersion = 12.3;
					};
					DF04A6BD2609B68B00107FDE = {
						CreatedOnToolsVersion = 12.3;
						TestTargetID = DF04A6A72609B68A00107FDE;
					};
					DF04A6C82609B68B00107FDE = {
						CreatedOnToolsVersion = 12.3;
						TestTargetID = DF04A6A72609B68A00107FDE;
					};
				};
			};
			buildConfigurationList = DF04A6A32609B68A00107FDE /* Build configuration list for PBXProject "test" */;
			compatibilityVersion = "Xcode 9.3";
			developmentRegion = en;
			hasScannedForEncodings = 0;
			knownRegions = (
				en,
				Base,
			);
			mainGroup = DF04A69F2609B68A00107FDE;
			productRefGroup = DF04A6A92609B68A00107FDE /* Products */;
			projectDirPath = "";
			projectRoot = "";
			targets = (
				DF04A6A72609B68A00107FDE /* test */,
				DF04A6BD2609B68B00107FDE /* testTests */,
				DF04A6C82609B68B00107FDE /* testUITests */,
			);
		};
/* End PBXProject section */

/* Begin PBXResourcesBuildPhase section */
		DF04A6A62609B68A00107FDE /* Resources */ = {
			isa = PBXResourcesBuildPhase;
			buildActionMask = 2147483647;
			files = (
				DF04A6B82609B68B00107FDE /* LaunchScreen.storyboard in Resources */,
				DF04A6B52609B68B00107FDE /* Assets.xcassets in Resources */,
				DF04A6B32609B68A00107FDE /* Main.storyboard in Resources */,
			);
			runOnlyForDeploymentPostprocessing = 0;
		};
		DF04A6BC2609B68B00107FDE /* Resources */ = {
			isa = PBXResourcesBuildPhase;
			buildActionMask = 2147483647;
			files = (
			);
			runOnlyForDeploymentPostprocessing = 0;
		};
		DF04A6C72609B68B00107FDE /* Resources */ = {
			isa = PBXResourcesBuildPhase;
			buildActionMask = 2147483647;
			files = (
			);
			runOnlyForDeploymentPostprocessing = 0;
		};
/* End PBXResourcesBuildPhase section */

/* Begin PBXSourcesBuildPhase section */
		DF04A6A42609B68A00107FDE /* Sources */ = {
			isa = PBXSourcesBuildPhase;
			buildActionMask = 2147483647;
			files = (
				DF04A6B02609B68A00107FDE /* ViewController.swift in Sources */,
				DF04A6AC2609B68A00107FDE /* AppDelegate.swift in Sources */,
				DF04A6AE2609B68A00107FDE /* SceneDelegate.swift in Sources */,
			);
			runOnlyForDeploymentPostprocessing = 0;
		};
		DF04A6BA2609B68B00107FDE /* Sources */ = {
			isa = PBXSourcesBuildPhase;
			buildActionMask = 2147483647;
			files = (
				DF04A6C32609B68B00107FDE /* testTests.swift in Sources */,
			);
			runOnlyForDeploymentPostprocessing = 0;
		};
		DF04A6C52609B68B00107FDE /* Sources */ = {
			isa = PBXSourcesBuildPhase;
			buildActionMask = 2147483647;
			files = (
				DF04A6CE2609B68B00107FDE /* testUITests.swift in Sources */,
			);
			runOnlyForDeploymentPostprocessing = 0;
		};
/* End PBXSourcesBuildPhase section */

/* Begin PBXTargetDependency section */
		DF04A6C02609B68B00107FDE /* PBXTargetDependency */ = {
			isa = PBXTargetDependency;
			target = DF04A6A72609B68A00107FDE /* test */;
			targetProxy = DF04A6BF2609B68B00107FDE /* PBXContainerItemProxy */;
		};
		DF04A6CB2609B68B00107FDE /* PBXTargetDependency */ = {
			isa = PBXTargetDependency;
			target = DF04A6A72609B68A00107FDE /* test */;
			targetProxy = DF04A6CA2609B68B00107FDE /* PBXContainerItemProxy */;
		};
/* End PBXTargetDependency section */

/* Begin PBXVariantGroup section */
		DF04A6B12609B68A00107FDE /* Main.storyboard */ = {
			isa = PBXVariantGroup;
			children = (
				DF04A6B22609B68A00107FDE /* Base */,
			);
			name = Main.storyboard;
			sourceTree = "<group>";
		};
		DF04A6B62609B68B00107FDE /* LaunchScreen.storyboard */ = {
			isa = PBXVariantGroup;
			children = (
				DF04A6B72609B68B00107FDE /* Base */,
			);
			name = LaunchScreen.storyboard;
			sourceTree = "<group>";
		};
/* End PBXVariantGroup section */

/* Begin XCBuildConfiguration section */
		DF04A6D02609B68B00107FDE /* Debug */ = {
			isa = XCBuildConfiguration;
			buildSettings = {
				ALWAYS_SEARCH_USER_PATHS = NO;
				CLANG_ANALYZER_NONNULL = YES;
				CLANG_ANALYZER_NUMBER_OBJECT_CONVERSION = YES_AGGRESSIVE;
				CLANG_CXX_LANGUAGE_STANDARD = "gnu++14";
				CLANG_CXX_LIBRARY = "libc++";
				CLANG_ENABLE_MODULES = YES;
				CLANG_ENABLE_OBJC_ARC = YES;
				CLANG_ENABLE_OBJC_WEAK = YES;
				CLANG_WARN_BLOCK_CAPTURE_AUTORELEASING = YES;
				CLANG_WARN_BOOL_CONVERSION = YES;
				CLANG_WARN_COMMA = YES;
				CLANG_WARN_CONSTANT_CONVERSION = YES;
				CLANG_WARN_DEPRECATED_OBJC_IMPLEMENTATIONS = YES;
				CLANG_WARN_DIRECT_OBJC_ISA_USAGE = YES_ERROR;
				CLANG_WARN_DOCUMENTATION_COMMENTS = YES;
				CLANG_WARN_EMPTY_BODY = YES;
				CLANG_WARN_ENUM_CONVERSION = YES;
				CLANG_WARN_INFINITE_RECURSION = YES;
				CLANG_WARN_INT_CONVERSION = YES;
				CLANG_WARN_NON_LITERAL_NULL_CONVERSION = YES;
				CLANG_WARN_OBJC_IMPLICIT_RETAIN_SELF = YES;
				CLANG_WARN_OBJC_LITERAL_CONVERSION = YES;
				CLANG_WARN_OBJC_ROOT_CLASS = YES_ERROR;
				CLANG_WARN_QUOTED_INCLUDE_IN_FRAMEWORK_HEADER = YES;
				CLANG_WARN_RANGE_LOOP_ANALYSIS = YES;
				CLANG_WARN_STRICT_PROTOTYPES = YES;
				CLANG_WARN_SUSPICIOUS_MOVE = YES;
				CLANG_WARN_UNGUARDED_AVAILABILITY = YES_AGGRESSIVE;
				CLANG_WARN_UNREACHABLE_CODE = YES;
				CLANG_WARN__DUPLICATE_METHOD_MATCH = YES;
				COPY_PHASE_STRIP = NO;
				DEBUG_INFORMATION_FORMAT = dwarf;
				ENABLE_STRICT_OBJC_MSGSEND = YES;
				ENABLE_TESTABILITY = YES;
				GCC_C_LANGUAGE_STANDARD = gnu11;
				GCC_DYNAMIC_NO_PIC = NO;
				GCC_NO_COMMON_BLOCKS = YES;
				GCC_OPTIMIZATION_LEVEL = 0;
				GCC_PREPROCESSOR_DEFINITIONS = (
					"DEBUG=1",
					"$(inherited)",
				);
				GCC_WARN_64_TO_32_BIT_CONVERSION = YES;
				GCC_WARN_ABOUT_RETURN_TYPE = YES_ERROR;
				GCC_WARN_UNDECLARED_SELECTOR = YES;
				GCC_WARN_UNINITIALIZED_AUTOS = YES_AGGRESSIVE;
				GCC_WARN_UNUSED_FUNCTION = YES;
				GCC_WARN_UNUSED_VARIABLE = YES;
				IPHONEOS_DEPLOYMENT_TARGET = 14.3;
				MTL_ENABLE_DEBUG_INFO = INCLUDE_SOURCE;
				MTL_FAST_MATH = YES;
				ONLY_ACTIVE_ARCH = YES;
				SDKROOT = iphoneos;
				SWIFT_ACTIVE_COMPILATION_CONDITIONS = DEBUG;
				SWIFT_OPTIMIZATION_LEVEL = "-Onone";
			};
			name = Debug;
		};
		DF04A6D12609B68B00107FDE /* Release */ = {
			isa = XCBuildConfiguration;
			buildSettings = {
				ALWAYS_SEARCH_USER_PATHS = NO;
				CLANG_ANALYZER_NONNULL = YES;
				CLANG_ANALYZER_NUMBER_OBJECT_CONVERSION = YES_AGGRESSIVE;
				CLANG_CXX_LANGUAGE_STANDARD = "gnu++14";
				CLANG_CXX_LIBRARY = "libc++";
				CLANG_ENABLE_MODULES = YES;
				CLANG_ENABLE_OBJC_ARC = YES;
				CLANG_ENABLE_OBJC_WEAK = YES;
				CLANG_WARN_BLOCK_CAPTURE_AUTORELEASING = YES;
				CLANG_WARN_BOOL_CONVERSION = YES;
				CLANG_WARN_COMMA = YES;
				CLANG_WARN_CONSTANT_CONVERSION = YES;
				CLANG_WARN_DEPRECATED_OBJC_IMPLEMENTATIONS = YES;
				CLANG_WARN_DIRECT_OBJC_ISA_USAGE = YES_ERROR;
				CLANG_WARN_DOCUMENTATION_COMMENTS = YES;
				CLANG_WARN_EMPTY_BODY = YES;
				CLANG_WARN_ENUM_CONVERSION = YES;
				CLANG_WARN_INFINITE_RECURSION = YES;
				CLANG_WARN_INT_CONVERSION = YES;
				CLANG_WARN_NON_LITERAL_NULL_CONVERSION = YES;
				CLANG_WARN_OBJC_IMPLICIT_RETAIN_SELF = YES;
				CLANG_WARN_OBJC_LITERAL_CONVERSION = YES;
				CLANG_WARN_OBJC_ROOT_CLASS = YES_ERROR;
				CLANG_WARN_QUOTED_INCLUDE_IN_FRAMEWORK_HEADER = YES;
				CLANG_WARN_RANGE_LOOP_ANALYSIS = YES;
				CLANG_WARN_STRICT_PROTOTYPES = YES;
				CLANG_WARN_SUSPICIOUS_MOVE = YES;
				CLANG_WARN_UNGUARDED_AVAILABILITY = YES_AGGRESSIVE;
				CLANG_WARN_UNREACHABLE_CODE = YES;
				CLANG_WARN__DUPLICATE_METHOD_MATCH = YES;
				COPY_PHASE_STRIP = NO;
				DEBUG_INFORMATION_FORMAT = "dwarf-with-dsym";
				ENABLE_NS_ASSERTIONS = NO;
				ENABLE_STRICT_OBJC_MSGSEND = YES;
				GCC_C_LANGUAGE_STANDARD = gnu11;
				GCC_NO_COMMON_BLOCKS = YES;
				GCC_WARN_64_TO_32_BIT_CONVERSION = YES;
				GCC_WARN_ABOUT_RETURN_TYPE = YES_ERROR;
				GCC_WARN_UNDECLARED_SELECTOR = YES;
				GCC_WARN_UNINITIALIZED_AUTOS = YES_AGGRESSIVE;
				GCC_WARN_UNUSED_FUNCTION = YES;
				GCC_WARN_UNUSED_VARIABLE = YES;
				IPHONEOS_DEPLOYMENT_TARGET = 14.3;
				MTL_ENABLE_DEBUG_INFO = NO;
				MTL_FAST_MATH = YES;
				SDKROOT = iphoneos;
				SWIFT_COMPILATION_MODE = wholemodule;
				SWIFT_OPTIMIZATION_LEVEL = "-O";
				VALIDATE_PRODUCT = YES;
			};
			name = Release;
		};
		DF04A6D32609B68B00107FDE /* Debug */ = {
			isa = XCBuildConfiguration;
			buildSettings = {
				ASSETCATALOG_COMPILER_APPICON_NAME = AppIcon;
				ASSETCATALOG_COMPILER_GLOBAL_ACCENT_COLOR_NAME = AccentColor;
				CODE_SIGN_STYLE = Automatic;
				INFOPLIST_FILE = test/Info.plist;
				LD_RUNPATH_SEARCH_PATHS = (
					"$(inherited)",
					"@executable_path/Frameworks",
				);
				PRODUCT_BUNDLE_IDENTIFIER = asn.codes.test;
				PRODUCT_NAME = "$(TARGET_NAME)";
				SWIFT_VERSION = 5.0;
				TARGETED_DEVICE_FAMILY = "1,2";
			};
			name = Debug;
		};
		DF04A6D42609B68B00107FDE /* Release */ = {
			isa = XCBuildConfiguration;
			buildSettings = {
				ASSETCATALOG_COMPILER_APPICON_NAME = AppIcon;
				ASSETCATALOG_COMPILER_GLOBAL_ACCENT_COLOR_NAME = AccentColor;
				CODE_SIGN_STYLE = Automatic;
				INFOPLIST_FILE = test/Info.plist;
				LD_RUNPATH_SEARCH_PATHS = (
					"$(inherited)",
					"@executable_path/Frameworks",
				);
				PRODUCT_BUNDLE_IDENTIFIER = asn.codes.test;
				PRODUCT_NAME = "$(TARGET_NAME)";
				SWIFT_VERSION = 5.0;
				TARGETED_DEVICE_FAMILY = "1,2";
			};
			name = Release;
		};
		DF04A6D62609B68B00107FDE /* Debug */ = {
			isa = XCBuildConfiguration;
			buildSettings = {
				ALWAYS_EMBED_SWIFT_STANDARD_LIBRARIES = YES;
				BUNDLE_LOADER = "$(TEST_HOST)";
				CODE_SIGN_STYLE = Automatic;
				INFOPLIST_FILE = testTests/Info.plist;
				IPHONEOS_DEPLOYMENT_TARGET = 14.3;
				LD_RUNPATH_SEARCH_PATHS = (
					"$(inherited)",
					"@executable_path/Frameworks",
					"@loader_path/Frameworks",
				);
				PRODUCT_BUNDLE_IDENTIFIER = asn.codes.testTests;
				PRODUCT_NAME = "$(TARGET_NAME)";
				SWIFT_VERSION = 5.0;
				TARGETED_DEVICE_FAMILY = "1,2";
				TEST_HOST = "$(BUILT_PRODUCTS_DIR)/test.app/test";
			};
			name = Debug;
		};
		DF04A6D72609B68B00107FDE /* Release */ = {
			isa = XCBuildConfiguration;
			buildSettings = {
				ALWAYS_EMBED_SWIFT_STANDARD_LIBRARIES = YES;
				BUNDLE_LOADER = "$(TEST_HOST)";
				CODE_SIGN_STYLE = Automatic;
				INFOPLIST_FILE = testTests/Info.plist;
				IPHONEOS_DEPLOYMENT_TARGET = 14.3;
				LD_RUNPATH_SEARCH_PATHS = (
					"$(inherited)",
					"@executable_path/Frameworks",
					"@loader_path/Frameworks",
				);
				PRODUCT_BUNDLE_IDENTIFIER = asn.codes.testTests;
				PRODUCT_NAME = "$(TARGET_NAME)";
				SWIFT_VERSION = 5.0;
				TARGETED_DEVICE_FAMILY = "1,2";
				TEST_HOST = "$(BUILT_PRODUCTS_DIR)/test.app/test";
			};
			name = Release;
		};
		DF04A6D92609B68B00107FDE /* Debug */ = {
			isa = XCBuildConfiguration;
			buildSettings = {
				ALWAYS_EMBED_SWIFT_STANDARD_LIBRARIES = YES;
				CODE_SIGN_STYLE = Automatic;
				INFOPLIST_FILE = testUITests/Info.plist;
				LD_RUNPATH_SEARCH_PATHS = (
					"$(inherited)",
					"@executable_path/Frameworks",
					"@loader_path/Frameworks",
				);
				PRODUCT_BUNDLE_IDENTIFIER = asn.codes.testUITests;
				PRODUCT_NAME = "$(TARGET_NAME)";
				SWIFT_VERSION = 5.0;
				TARGETED_DEVICE_FAMILY = "1,2";
				TEST_TARGET_NAME = test;
			};
			name = Debug;
		};
		DF04A6DA2609B68B00107FDE /* Release */ = {
			isa = XCBuildConfiguration;
			buildSettings = {
				ALWAYS_EMBED_SWIFT_STANDARD_LIBRARIES = YES;
				CODE_SIGN_STYLE = Automatic;
				INFOPLIST_FILE = testUITests/Info.plist;
				LD_RUNPATH_SEARCH_PATHS = (
					"$(inherited)",
					"@executable_path/Frameworks",
					"@loader_path/Frameworks",
				);
				PRODUCT_BUNDLE_IDENTIFIER = asn.codes.testUITests;
				PRODUCT_NAME = "$(TARGET_NAME)";
				SWIFT_VERSION = 5.0;
				TARGETED_DEVICE_FAMILY = "1,2";
				TEST_TARGET_NAME = test;
			};
			name = Release;
		};
/* End XCBuildConfiguration section */

/* Begin XCConfigurationList section */
		DF04A6A32609B68A00107FDE /* Build configuration list for PBXProject "test" */ = {
			isa = XCConfigurationList;
			buildConfigurations = (
				DF04A6D02609B68B00107FDE /* Debug */,
				DF04A6D12609B68B00107FDE /* Release */,
			);
			defaultConfigurationIsVisible = 0;
			defaultConfigurationName = Release;
		};
		DF04A6D22609B68B00107FDE /* Build configuration list for PBXNativeTarget "test" */ = {
			isa = XCConfigurationList;
			buildConfigurations = (
				DF04A6D32609B68B00107FDE /* Debug */,
				DF04A6D42609B68B00107FDE /* Release */,
			);
			defaultConfigurationIsVisible = 0;
			defaultConfigurationName = Release;
		};
		DF04A6D52609B68B00107FDE /* Build configuration list for PBXNativeTarget "testTests" */ = {
			isa = XCConfigurationList;
			buildConfigurations = (
				DF04A6D62609B68B00107FDE /* Debug */,
				DF04A6D72609B68B00107FDE /* Release */,
			);
			defaultConfigurationIsVisible = 0;
			defaultConfigurationName = Release;
		};
		DF04A6D82609B68B00107FDE /* Build configuration list for PBXNativeTarget "testUITests" */ = {
			isa = XCConfigurationList;
			buildConfigurations = (
				DF04A6D92609B68B00107FDE /* Debug */,
				DF04A6DA2609B68B00107FDE /* Release */,
			);
			defaultConfigurationIsVisible = 0;
			defaultConfigurationName = Release;
		};
/* End XCConfigurationList section */
	};
	rootObject = DF04A6A02609B68A00107FDE /* Project object */;
}
