// !$*UTF8*$!
{
	archiveVersion = 1;
	classes = {
	};
	objectVersion = 50;
	objects = {

/* Begin PBXBuildFile section */
		DF5F7DD12610DDE20029854F /* AppDelegate.swift in Sources */ = {isa = PBXBuildFile; fileRef = DF5F7DD02610DDE20029854F /* AppDelegate.swift */; };
		DF5F7DD32610DDE20029854F /* SceneDelegate.swift in Sources */ = {isa = PBXBuildFile; fileRef = DF5F7DD22610DDE20029854F /* SceneDelegate.swift */; };
		DF5F7DD52610DDE20029854F /* ContentView.swift in Sources */ = {isa = PBXBuildFile; fileRef = DF5F7DD42610DDE20029854F /* ContentView.swift */; };
		DF5F7DD72610DDE30029854F /* Assets.xcassets in Resources */ = {isa = PBXBuildFile; fileRef = DF5F7DD62610DDE30029854F /* Assets.xcassets */; };
		DF5F7DDA2610DDE30029854F /* Preview Assets.xcassets in Resources */ = {isa = PBXBuildFile; fileRef = DF5F7DD92610DDE30029854F /* Preview Assets.xcassets */; };
		DF5F7DDD2610DDE30029854F /* LaunchScreen.storyboard in Resources */ = {isa = PBXBuildFile; fileRef = DF5F7DDB2610DDE30029854F /* LaunchScreen.storyboard */; };
		DF5F7DE82610DDE30029854F /* DiceSwiftUITests.swift in Sources */ = {isa = PBXBuildFile; fileRef = DF5F7DE72610DDE30029854F /* DiceSwiftUITests.swift */; };
		DF5F7DF32610DDE30029854F /* DiceSwiftUIUITests.swift in Sources */ = {isa = PBXBuildFile; fileRef = DF5F7DF22610DDE30029854F /* DiceSwiftUIUITests.swift */; };
/* End PBXBuildFile section */

/* Begin PBXContainerItemProxy section */
		DF5F7DE42610DDE30029854F /* PBXContainerItemProxy */ = {
			isa = PBXContainerItemProxy;
			containerPortal = DF5F7DC52610DDE20029854F /* Project object */;
			proxyType = 1;
			remoteGlobalIDString = DF5F7DCC2610DDE20029854F;
			remoteInfo = DiceSwiftUI;
		};
		DF5F7DEF2610DDE30029854F /* PBXContainerItemProxy */ = {
			isa = PBXContainerItemProxy;
			containerPortal = DF5F7DC52610DDE20029854F /* Project object */;
			proxyType = 1;
			remoteGlobalIDString = DF5F7DCC2610DDE20029854F;
			remoteInfo = DiceSwiftUI;
		};
/* End PBXContainerItemProxy section */

/* Begin PBXFileReference section */
		DF5F7DCD2610DDE20029854F /* DiceSwiftUI.app */ = {isa = PBXFileReference; explicitFileType = wrapper.application; includeInIndex = 0; path = DiceSwiftUI.app; sourceTree = BUILT_PRODUCTS_DIR; };
		DF5F7DD02610DDE20029854F /* AppDelegate.swift */ = {isa = PBXFileReference; lastKnownFileType = sourcecode.swift; path = AppDelegate.swift; sourceTree = "<group>"; };
		DF5F7DD22610DDE20029854F /* SceneDelegate.swift */ = {isa = PBXFileReference; lastKnownFileType = sourcecode.swift; path = SceneDelegate.swift; sourceTree = "<group>"; };
		DF5F7DD42610DDE20029854F /* ContentView.swift */ = {isa = PBXFileReference; lastKnownFileType = sourcecode.swift; path = ContentView.swift; sourceTree = "<group>"; };
		DF5F7DD62610DDE30029854F /* Assets.xcassets */ = {isa = PBXFileReference; lastKnownFileType = folder.assetcatalog; path = Assets.xcassets; sourceTree = "<group>"; };
		DF5F7DD92610DDE30029854F /* Preview Assets.xcassets */ = {isa = PBXFileReference; lastKnownFileType = folder.assetcatalog; path = "Preview Assets.xcassets"; sourceTree = "<group>"; };
		DF5F7DDC2610DDE30029854F /* Base */ = {isa = PBXFileReference; lastKnownFileType = file.storyboard; name = Base; path = Base.lproj/LaunchScreen.storyboard; sourceTree = "<group>"; };
		DF5F7DDE2610DDE30029854F /* Info.plist */ = {isa = PBXFileReference; lastKnownFileType = text.plist.xml; path = Info.plist; sourceTree = "<group>"; };
		DF5F7DE32610DDE30029854F /* DiceSwiftUITests.xctest */ = {isa = PBXFileReference; explicitFileType = wrapper.cfbundle; includeInIndex = 0; path = DiceSwiftUITests.xctest; sourceTree = BUILT_PRODUCTS_DIR; };
		DF5F7DE72610DDE30029854F /* DiceSwiftUITests.swift */ = {isa = PBXFileReference; lastKnownFileType = sourcecode.swift; path = DiceSwiftUITests.swift; sourceTree = "<group>"; };
		DF5F7DE92610DDE30029854F /* Info.plist */ = {isa = PBXFileReference; lastKnownFileType = text.plist.xml; path = Info.plist; sourceTree = "<group>"; };
		DF5F7DEE2610DDE30029854F /* DiceSwiftUIUITests.xctest */ = {isa = PBXFileReference; explicitFileType = wrapper.cfbundle; includeInIndex = 0; path = DiceSwiftUIUITests.xctest; sourceTree = BUILT_PRODUCTS_DIR; };
		DF5F7DF22610DDE30029854F /* DiceSwiftUIUITests.swift */ = {isa = PBXFileReference; lastKnownFileType = sourcecode.swift; path = DiceSwiftUIUITests.swift; sourceTree = "<group>"; };
		DF5F7DF42610DDE30029854F /* Info.plist */ = {isa = PBXFileReference; lastKnownFileType = text.plist.xml; path = Info.plist; sourceTree = "<group>"; };
/* End PBXFileReference section */

/* Begin PBXFrameworksBuildPhase section */
		DF5F7DCA2610DDE20029854F /* Frameworks */ = {
			isa = PBXFrameworksBuildPhase;
			buildActionMask = 2147483647;
			files = (
			);
			runOnlyForDeploymentPostprocessing = 0;
		};
		DF5F7DE02610DDE30029854F /* Frameworks */ = {
			isa = PBXFrameworksBuildPhase;
			buildActionMask = 2147483647;
			files = (
			);
			runOnlyForDeploymentPostprocessing = 0;
		};
		DF5F7DEB2610DDE30029854F /* Frameworks */ = {
			isa = PBXFrameworksBuildPhase;
			buildActionMask = 2147483647;
			files = (
			);
			runOnlyForDeploymentPostprocessing = 0;
		};
/* End PBXFrameworksBuildPhase section */

/* Begin PBXGroup section */
		DF5F7DC42610DDE20029854F = {
			isa = PBXGroup;
			children = (
				DF5F7DCF2610DDE20029854F /* DiceSwiftUI */,
				DF5F7DE62610DDE30029854F /* DiceSwiftUITests */,
				DF5F7DF12610DDE30029854F /* DiceSwiftUIUITests */,
				DF5F7DCE2610DDE20029854F /* Products */,
			);
			sourceTree = "<group>";
		};
		DF5F7DCE2610DDE20029854F /* Products */ = {
			isa = PBXGroup;
			children = (
				DF5F7DCD2610DDE20029854F /* DiceSwiftUI.app */,
				DF5F7DE32610DDE30029854F /* DiceSwiftUITests.xctest */,
				DF5F7DEE2610DDE30029854F /* DiceSwiftUIUITests.xctest */,
			);
			name = Products;
			sourceTree = "<group>";
		};
		DF5F7DCF2610DDE20029854F /* DiceSwiftUI */ = {
			isa = PBXGroup;
			children = (
				DF5F7DD02610DDE20029854F /* AppDelegate.swift */,
				DF5F7DD22610DDE20029854F /* SceneDelegate.swift */,
				DF5F7DD42610DDE20029854F /* ContentView.swift */,
				DF5F7DD62610DDE30029854F /* Assets.xcassets */,
				DF5F7DDB2610DDE30029854F /* LaunchScreen.storyboard */,
				DF5F7DDE2610DDE30029854F /* Info.plist */,
				DF5F7DD82610DDE30029854F /* Preview Content */,
			);
			path = DiceSwiftUI;
			sourceTree = "<group>";
		};
		DF5F7DD82610DDE30029854F /* Preview Content */ = {
			isa = PBXGroup;
			children = (
				DF5F7DD92610DDE30029854F /* Preview Assets.xcassets */,
			);
			path = "Preview Content";
			sourceTree = "<group>";
		};
		DF5F7DE62610DDE30029854F /* DiceSwiftUITests */ = {
			isa = PBXGroup;
			children = (
				DF5F7DE72610DDE30029854F /* DiceSwiftUITests.swift */,
				DF5F7DE92610DDE30029854F /* Info.plist */,
			);
			path = DiceSwiftUITests;
			sourceTree = "<group>";
		};
		DF5F7DF12610DDE30029854F /* DiceSwiftUIUITests */ = {
			isa = PBXGroup;
			children = (
				DF5F7DF22610DDE30029854F /* DiceSwiftUIUITests.swift */,
				DF5F7DF42610DDE30029854F /* Info.plist */,
			);
			path = DiceSwiftUIUITests;
			sourceTree = "<group>";
		};
/* End PBXGroup section */

/* Begin PBXNativeTarget section */
		DF5F7DCC2610DDE20029854F /* DiceSwiftUI */ = {
			isa = PBXNativeTarget;
			buildConfigurationList = DF5F7DF72610DDE30029854F /* Build configuration list for PBXNativeTarget "DiceSwiftUI" */;
			buildPhases = (
				DF5F7DC92610DDE20029854F /* Sources */,
				DF5F7DCA2610DDE20029854F /* Frameworks */,
				DF5F7DCB2610DDE20029854F /* Resources */,
			);
			buildRules = (
			);
			dependencies = (
			);
			name = DiceSwiftUI;
			productName = DiceSwiftUI;
			productReference = DF5F7DCD2610DDE20029854F /* DiceSwiftUI.app */;
			productType = "com.apple.product-type.application";
		};
		DF5F7DE22610DDE30029854F /* DiceSwiftUITests */ = {
			isa = PBXNativeTarget;
			buildConfigurationList = DF5F7DFA2610DDE30029854F /* Build configuration list for PBXNativeTarget "DiceSwiftUITests" */;
			buildPhases = (
				DF5F7DDF2610DDE30029854F /* Sources */,
				DF5F7DE02610DDE30029854F /* Frameworks */,
				DF5F7DE12610DDE30029854F /* Resources */,
			);
			buildRules = (
			);
			dependencies = (
				DF5F7DE52610DDE30029854F /* PBXTargetDependency */,
			);
			name = DiceSwiftUITests;
			productName = DiceSwiftUITests;
			productReference = DF5F7DE32610DDE30029854F /* DiceSwiftUITests.xctest */;
			productType = "com.apple.product-type.bundle.unit-test";
		};
		DF5F7DED2610DDE30029854F /* DiceSwiftUIUITests */ = {
			isa = PBXNativeTarget;
			buildConfigurationList = DF5F7DFD2610DDE30029854F /* Build configuration list for PBXNativeTarget "DiceSwiftUIUITests" */;
			buildPhases = (
				DF5F7DEA2610DDE30029854F /* Sources */,
				DF5F7DEB2610DDE30029854F /* Frameworks */,
				DF5F7DEC2610DDE30029854F /* Resources */,
			);
			buildRules = (
			);
			dependencies = (
				DF5F7DF02610DDE30029854F /* PBXTargetDependency */,
			);
			name = DiceSwiftUIUITests;
			productName = DiceSwiftUIUITests;
			productReference = DF5F7DEE2610DDE30029854F /* DiceSwiftUIUITests.xctest */;
			productType = "com.apple.product-type.bundle.ui-testing";
		};
/* End PBXNativeTarget section */

/* Begin PBXProject section */
		DF5F7DC52610DDE20029854F /* Project object */ = {
			isa = PBXProject;
			attributes = {
				LastSwiftUpdateCheck = 1230;
				LastUpgradeCheck = 1230;
				TargetAttributes = {
					DF5F7DCC2610DDE20029854F = {
						CreatedOnToolsVersion = 12.3;
					};
					DF5F7DE22610DDE30029854F = {
						CreatedOnToolsVersion = 12.3;
						TestTargetID = DF5F7DCC2610DDE20029854F;
					};
					DF5F7DED2610DDE30029854F = {
						CreatedOnToolsVersion = 12.3;
						TestTargetID = DF5F7DCC2610DDE20029854F;
					};
				};
			};
			buildConfigurationList = DF5F7DC82610DDE20029854F /* Build configuration list for PBXProject "DiceSwiftUI" */;
			compatibilityVersion = "Xcode 9.3";
			developmentRegion = en;
			hasScannedForEncodings = 0;
			knownRegions = (
				en,
				Base,
			);
			mainGroup = DF5F7DC42610DDE20029854F;
			productRefGroup = DF5F7DCE2610DDE20029854F /* Products */;
			projectDirPath = "";
			projectRoot = "";
			targets = (
				DF5F7DCC2610DDE20029854F /* DiceSwiftUI */,
				DF5F7DE22610DDE30029854F /* DiceSwiftUITests */,
				DF5F7DED2610DDE30029854F /* DiceSwiftUIUITests */,
			);
		};
/* End PBXProject section */

/* Begin PBXResourcesBuildPhase section */
		DF5F7DCB2610DDE20029854F /* Resources */ = {
			isa = PBXResourcesBuildPhase;
			buildActionMask = 2147483647;
			files = (
				DF5F7DDD2610DDE30029854F /* LaunchScreen.storyboard in Resources */,
				DF5F7DDA2610DDE30029854F /* Preview Assets.xcassets in Resources */,
				DF5F7DD72610DDE30029854F /* Assets.xcassets in Resources */,
			);
			runOnlyForDeploymentPostprocessing = 0;
		};
		DF5F7DE12610DDE30029854F /* Resources */ = {
			isa = PBXResourcesBuildPhase;
			buildActionMask = 2147483647;
			files = (
			);
			runOnlyForDeploymentPostprocessing = 0;
		};
		DF5F7DEC2610DDE30029854F /* Resources */ = {
			isa = PBXResourcesBuildPhase;
			buildActionMask = 2147483647;
			files = (
			);
			runOnlyForDeploymentPostprocessing = 0;
		};
/* End PBXResourcesBuildPhase section */

/* Begin PBXSourcesBuildPhase section */
		DF5F7DC92610DDE20029854F /* Sources */ = {
			isa = PBXSourcesBuildPhase;
			buildActionMask = 2147483647;
			files = (
				DF5F7DD12610DDE20029854F /* AppDelegate.swift in Sources */,
				DF5F7DD32610DDE20029854F /* SceneDelegate.swift in Sources */,
				DF5F7DD52610DDE20029854F /* ContentView.swift in Sources */,
			);
			runOnlyForDeploymentPostprocessing = 0;
		};
		DF5F7DDF2610DDE30029854F /* Sources */ = {
			isa = PBXSourcesBuildPhase;
			buildActionMask = 2147483647;
			files = (
				DF5F7DE82610DDE30029854F /* DiceSwiftUITests.swift in Sources */,
			);
			runOnlyForDeploymentPostprocessing = 0;
		};
		DF5F7DEA2610DDE30029854F /* Sources */ = {
			isa = PBXSourcesBuildPhase;
			buildActionMask = 2147483647;
			files = (
				DF5F7DF32610DDE30029854F /* DiceSwiftUIUITests.swift in Sources */,
			);
			runOnlyForDeploymentPostprocessing = 0;
		};
/* End PBXSourcesBuildPhase section */

/* Begin PBXTargetDependency section */
		DF5F7DE52610DDE30029854F /* PBXTargetDependency */ = {
			isa = PBXTargetDependency;
			target = DF5F7DCC2610DDE20029854F /* DiceSwiftUI */;
			targetProxy = DF5F7DE42610DDE30029854F /* PBXContainerItemProxy */;
		};
		DF5F7DF02610DDE30029854F /* PBXTargetDependency */ = {
			isa = PBXTargetDependency;
			target = DF5F7DCC2610DDE20029854F /* DiceSwiftUI */;
			targetProxy = DF5F7DEF2610DDE30029854F /* PBXContainerItemProxy */;
		};
/* End PBXTargetDependency section */

/* Begin PBXVariantGroup section */
		DF5F7DDB2610DDE30029854F /* LaunchScreen.storyboard */ = {
			isa = PBXVariantGroup;
			children = (
				DF5F7DDC2610DDE30029854F /* Base */,
			);
			name = LaunchScreen.storyboard;
			sourceTree = "<group>";
		};
/* End PBXVariantGroup section */

/* Begin XCBuildConfiguration section */
		DF5F7DF52610DDE30029854F /* Debug */ = {
			isa = XCBuildConfiguration;
			buildSettings = {
				ALWAYS_SEARCH_USER_PATHS = NO;
				CLANG_ANALYZER_NONNULL = YES;
				CLANG_ANALYZER_NUMBER_OBJECT_CONVERSION = YES_AGGRESSIVE;
				CLANG_CXX_LANGUAGE_STANDARD = "gnu++14";
				CLANG_CXX_LIBRARY = "libc++";
				CLANG_ENABLE_MODULES = YES;
				CLANG_ENABLE_OBJC_ARC = YES;
				CLANG_ENABLE_OBJC_WEAK = YES;
				CLANG_WARN_BLOCK_CAPTURE_AUTORELEASING = YES;
				CLANG_WARN_BOOL_CONVERSION = YES;
				CLANG_WARN_COMMA = YES;
				CLANG_WARN_CONSTANT_CONVERSION = YES;
				CLANG_WARN_DEPRECATED_OBJC_IMPLEMENTATIONS = YES;
				CLANG_WARN_DIRECT_OBJC_ISA_USAGE = YES_ERROR;
				CLANG_WARN_DOCUMENTATION_COMMENTS = YES;
				CLANG_WARN_EMPTY_BODY = YES;
				CLANG_WARN_ENUM_CONVERSION = YES;
				CLANG_WARN_INFINITE_RECURSION = YES;
				CLANG_WARN_INT_CONVERSION = YES;
				CLANG_WARN_NON_LITERAL_NULL_CONVERSION = YES;
				CLANG_WARN_OBJC_IMPLICIT_RETAIN_SELF = YES;
				CLANG_WARN_OBJC_LITERAL_CONVERSION = YES;
				CLANG_WARN_OBJC_ROOT_CLASS = YES_ERROR;
				CLANG_WARN_QUOTED_INCLUDE_IN_FRAMEWORK_HEADER = YES;
				CLANG_WARN_RANGE_LOOP_ANALYSIS = YES;
				CLANG_WARN_STRICT_PROTOTYPES = YES;
				CLANG_WARN_SUSPICIOUS_MOVE = YES;
				CLANG_WARN_UNGUARDED_AVAILABILITY = YES_AGGRESSIVE;
				CLANG_WARN_UNREACHABLE_CODE = YES;
				CLANG_WARN__DUPLICATE_METHOD_MATCH = YES;
				COPY_PHASE_STRIP = NO;
				DEBUG_INFORMATION_FORMAT = dwarf;
				ENABLE_STRICT_OBJC_MSGSEND = YES;
				ENABLE_TESTABILITY = YES;
				GCC_C_LANGUAGE_STANDARD = gnu11;
				GCC_DYNAMIC_NO_PIC = NO;
				GCC_NO_COMMON_BLOCKS = YES;
				GCC_OPTIMIZATION_LEVEL = 0;
				GCC_PREPROCESSOR_DEFINITIONS = (
					"DEBUG=1",
					"$(inherited)",
				);
				GCC_WARN_64_TO_32_BIT_CONVERSION = YES;
				GCC_WARN_ABOUT_RETURN_TYPE = YES_ERROR;
				GCC_WARN_UNDECLARED_SELECTOR = YES;
				GCC_WARN_UNINITIALIZED_AUTOS = YES_AGGRESSIVE;
				GCC_WARN_UNUSED_FUNCTION = YES;
				GCC_WARN_UNUSED_VARIABLE = YES;
				IPHONEOS_DEPLOYMENT_TARGET = 14.3;
				MTL_ENABLE_DEBUG_INFO = INCLUDE_SOURCE;
				MTL_FAST_MATH = YES;
				ONLY_ACTIVE_ARCH = YES;
				SDKROOT = iphoneos;
				SWIFT_ACTIVE_COMPILATION_CONDITIONS = DEBUG;
				SWIFT_OPTIMIZATION_LEVEL = "-Onone";
			};
			name = Debug;
		};
		DF5F7DF62610DDE30029854F /* Release */ = {
			isa = XCBuildConfiguration;
			buildSettings = {
				ALWAYS_SEARCH_USER_PATHS = NO;
				CLANG_ANALYZER_NONNULL = YES;
				CLANG_ANALYZER_NUMBER_OBJECT_CONVERSION = YES_AGGRESSIVE;
				CLANG_CXX_LANGUAGE_STANDARD = "gnu++14";
				CLANG_CXX_LIBRARY = "libc++";
				CLANG_ENABLE_MODULES = YES;
				CLANG_ENABLE_OBJC_ARC = YES;
				CLANG_ENABLE_OBJC_WEAK = YES;
				CLANG_WARN_BLOCK_CAPTURE_AUTORELEASING = YES;
				CLANG_WARN_BOOL_CONVERSION = YES;
				CLANG_WARN_COMMA = YES;
				CLANG_WARN_CONSTANT_CONVERSION = YES;
				CLANG_WARN_DEPRECATED_OBJC_IMPLEMENTATIONS = YES;
				CLANG_WARN_DIRECT_OBJC_ISA_USAGE = YES_ERROR;
				CLANG_WARN_DOCUMENTATION_COMMENTS = YES;
				CLANG_WARN_EMPTY_BODY = YES;
				CLANG_WARN_ENUM_CONVERSION = YES;
				CLANG_WARN_INFINITE_RECURSION = YES;
				CLANG_WARN_INT_CONVERSION = YES;
				CLANG_WARN_NON_LITERAL_NULL_CONVERSION = YES;
				CLANG_WARN_OBJC_IMPLICIT_RETAIN_SELF = YES;
				CLANG_WARN_OBJC_LITERAL_CONVERSION = YES;
				CLANG_WARN_OBJC_ROOT_CLASS = YES_ERROR;
				CLANG_WARN_QUOTED_INCLUDE_IN_FRAMEWORK_HEADER = YES;
				CLANG_WARN_RANGE_LOOP_ANALYSIS = YES;
				CLANG_WARN_STRICT_PROTOTYPES = YES;
				CLANG_WARN_SUSPICIOUS_MOVE = YES;
				CLANG_WARN_UNGUARDED_AVAILABILITY = YES_AGGRESSIVE;
				CLANG_WARN_UNREACHABLE_CODE = YES;
				CLANG_WARN__DUPLICATE_METHOD_MATCH = YES;
				COPY_PHASE_STRIP = NO;
				DEBUG_INFORMATION_FORMAT = "dwarf-with-dsym";
				ENABLE_NS_ASSERTIONS = NO;
				ENABLE_STRICT_OBJC_MSGSEND = YES;
				GCC_C_LANGUAGE_STANDARD = gnu11;
				GCC_NO_COMMON_BLOCKS = YES;
				GCC_WARN_64_TO_32_BIT_CONVERSION = YES;
				GCC_WARN_ABOUT_RETURN_TYPE = YES_ERROR;
				GCC_WARN_UNDECLARED_SELECTOR = YES;
				GCC_WARN_UNINITIALIZED_AUTOS = YES_AGGRESSIVE;
				GCC_WARN_UNUSED_FUNCTION = YES;
				GCC_WARN_UNUSED_VARIABLE = YES;
				IPHONEOS_DEPLOYMENT_TARGET = 14.3;
				MTL_ENABLE_DEBUG_INFO = NO;
				MTL_FAST_MATH = YES;
				SDKROOT = iphoneos;
				SWIFT_COMPILATION_MODE = wholemodule;
				SWIFT_OPTIMIZATION_LEVEL = "-O";
				VALIDATE_PRODUCT = YES;
			};
			name = Release;
		};
		DF5F7DF82610DDE30029854F /* Debug */ = {
			isa = XCBuildConfiguration;
			buildSettings = {
				ASSETCATALOG_COMPILER_APPICON_NAME = AppIcon;
				ASSETCATALOG_COMPILER_GLOBAL_ACCENT_COLOR_NAME = AccentColor;
				CODE_SIGN_STYLE = Automatic;
				DEVELOPMENT_ASSET_PATHS = "\"DiceSwiftUI/Preview Content\"";
				ENABLE_PREVIEWS = YES;
				INFOPLIST_FILE = DiceSwiftUI/Info.plist;
				LD_RUNPATH_SEARCH_PATHS = (
					"$(inherited)",
					"@executable_path/Frameworks",
				);
				PRODUCT_BUNDLE_IDENTIFIER = asn.codes.DiceSwiftUI;
				PRODUCT_NAME = "$(TARGET_NAME)";
				SWIFT_VERSION = 5.0;
				TARGETED_DEVICE_FAMILY = "1,2";
			};
			name = Debug;
		};
		DF5F7DF92610DDE30029854F /* Release */ = {
			isa = XCBuildConfiguration;
			buildSettings = {
				ASSETCATALOG_COMPILER_APPICON_NAME = AppIcon;
				ASSETCATALOG_COMPILER_GLOBAL_ACCENT_COLOR_NAME = AccentColor;
				CODE_SIGN_STYLE = Automatic;
				DEVELOPMENT_ASSET_PATHS = "\"DiceSwiftUI/Preview Content\"";
				ENABLE_PREVIEWS = YES;
				INFOPLIST_FILE = DiceSwiftUI/Info.plist;
				LD_RUNPATH_SEARCH_PATHS = (
					"$(inherited)",
					"@executable_path/Frameworks",
				);
				PRODUCT_BUNDLE_IDENTIFIER = asn.codes.DiceSwiftUI;
				PRODUCT_NAME = "$(TARGET_NAME)";
				SWIFT_VERSION = 5.0;
				TARGETED_DEVICE_FAMILY = "1,2";
			};
			name = Release;
		};
		DF5F7DFB2610DDE30029854F /* Debug */ = {
			isa = XCBuildConfiguration;
			buildSettings = {
				ALWAYS_EMBED_SWIFT_STANDARD_LIBRARIES = YES;
				BUNDLE_LOADER = "$(TEST_HOST)";
				CODE_SIGN_STYLE = Automatic;
				INFOPLIST_FILE = DiceSwiftUITests/Info.plist;
				IPHONEOS_DEPLOYMENT_TARGET = 14.3;
				LD_RUNPATH_SEARCH_PATHS = (
					"$(inherited)",
					"@executable_path/Frameworks",
					"@loader_path/Frameworks",
				);
				PRODUCT_BUNDLE_IDENTIFIER = asn.codes.DiceSwiftUITests;
				PRODUCT_NAME = "$(TARGET_NAME)";
				SWIFT_VERSION = 5.0;
				TARGETED_DEVICE_FAMILY = "1,2";
				TEST_HOST = "$(BUILT_PRODUCTS_DIR)/DiceSwiftUI.app/DiceSwiftUI";
			};
			name = Debug;
		};
		DF5F7DFC2610DDE30029854F /* Release */ = {
			isa = XCBuildConfiguration;
			buildSettings = {
				ALWAYS_EMBED_SWIFT_STANDARD_LIBRARIES = YES;
				BUNDLE_LOADER = "$(TEST_HOST)";
				CODE_SIGN_STYLE = Automatic;
				INFOPLIST_FILE = DiceSwiftUITests/Info.plist;
				IPHONEOS_DEPLOYMENT_TARGET = 14.3;
				LD_RUNPATH_SEARCH_PATHS = (
					"$(inherited)",
					"@executable_path/Frameworks",
					"@loader_path/Frameworks",
				);
				PRODUCT_BUNDLE_IDENTIFIER = asn.codes.DiceSwiftUITests;
				PRODUCT_NAME = "$(TARGET_NAME)";
				SWIFT_VERSION = 5.0;
				TARGETED_DEVICE_FAMILY = "1,2";
				TEST_HOST = "$(BUILT_PRODUCTS_DIR)/DiceSwiftUI.app/DiceSwiftUI";
			};
			name = Release;
		};
		DF5F7DFE2610DDE30029854F /* Debug */ = {
			isa = XCBuildConfiguration;
			buildSettings = {
				ALWAYS_EMBED_SWIFT_STANDARD_LIBRARIES = YES;
				CODE_SIGN_STYLE = Automatic;
				INFOPLIST_FILE = DiceSwiftUIUITests/Info.plist;
				LD_RUNPATH_SEARCH_PATHS = (
					"$(inherited)",
					"@executable_path/Frameworks",
					"@loader_path/Frameworks",
				);
				PRODUCT_BUNDLE_IDENTIFIER = asn.codes.DiceSwiftUIUITests;
				PRODUCT_NAME = "$(TARGET_NAME)";
				SWIFT_VERSION = 5.0;
				TARGETED_DEVICE_FAMILY = "1,2";
				TEST_TARGET_NAME = DiceSwiftUI;
			};
			name = Debug;
		};
		DF5F7DFF2610DDE30029854F /* Release */ = {
			isa = XCBuildConfiguration;
			buildSettings = {
				ALWAYS_EMBED_SWIFT_STANDARD_LIBRARIES = YES;
				CODE_SIGN_STYLE = Automatic;
				INFOPLIST_FILE = DiceSwiftUIUITests/Info.plist;
				LD_RUNPATH_SEARCH_PATHS = (
					"$(inherited)",
					"@executable_path/Frameworks",
					"@loader_path/Frameworks",
				);
				PRODUCT_BUNDLE_IDENTIFIER = asn.codes.DiceSwiftUIUITests;
				PRODUCT_NAME = "$(TARGET_NAME)";
				SWIFT_VERSION = 5.0;
				TARGETED_DEVICE_FAMILY = "1,2";
				TEST_TARGET_NAME = DiceSwiftUI;
			};
			name = Release;
		};
/* End XCBuildConfiguration section */

/* Begin XCConfigurationList section */
		DF5F7DC82610DDE20029854F /* Build configuration list for PBXProject "DiceSwiftUI" */ = {
			isa = XCConfigurationList;
			buildConfigurations = (
				DF5F7DF52610DDE30029854F /* Debug */,
				DF5F7DF62610DDE30029854F /* Release */,
			);
			defaultConfigurationIsVisible = 0;
			defaultConfigurationName = Release;
		};
		DF5F7DF72610DDE30029854F /* Build configuration list for PBXNativeTarget "DiceSwiftUI" */ = {
			isa = XCConfigurationList;
			buildConfigurations = (
				DF5F7DF82610DDE30029854F /* Debug */,
				DF5F7DF92610DDE30029854F /* Release */,
			);
			defaultConfigurationIsVisible = 0;
			defaultConfigurationName = Release;
		};
		DF5F7DFA2610DDE30029854F /* Build configuration list for PBXNativeTarget "DiceSwiftUITests" */ = {
			isa = XCConfigurationList;
			buildConfigurations = (
				DF5F7DFB2610DDE30029854F /* Debug */,
				DF5F7DFC2610DDE30029854F /* Release */,
			);
			defaultConfigurationIsVisible = 0;
			defaultConfigurationName = Release;
		};
		DF5F7DFD2610DDE30029854F /* Build configuration list for PBXNativeTarget "DiceSwiftUIUITests" */ = {
			isa = XCConfigurationList;
			buildConfigurations = (
				DF5F7DFE2610DDE30029854F /* Debug */,
				DF5F7DFF2610DDE30029854F /* Release */,
			);
			defaultConfigurationIsVisible = 0;
			defaultConfigurationName = Release;
		};
/* End XCConfigurationList section */
	};
	rootObject = DF5F7DC52610DDE20029854F /* Project object */;
}
